// !$*UTF8*$!
{
	archiveVersion = 1;
	classes = {
	};
	objectVersion = 51;
	objects = {

/* Begin PBXBuildFile section */
		3F0CEAE7261CEE1000642F6D /* TabBarViewController.swift in Sources */ = {isa = PBXBuildFile; fileRef = 3F0CEAE6261CEE1000642F6D /* TabBarViewController.swift */; };
		3F0CEAF32622341D00642F6D /* NetworkManagerMock.swift in Sources */ = {isa = PBXBuildFile; fileRef = 3F0CEAF22622341D00642F6D /* NetworkManagerMock.swift */; };
		3F0CEAFE262235F700642F6D /* UrlComponentsMock.swift in Sources */ = {isa = PBXBuildFile; fileRef = 3F0CEAFD262235F700642F6D /* UrlComponentsMock.swift */; };
		3F0CEB032622366500642F6D /* URLSessionMock.swift in Sources */ = {isa = PBXBuildFile; fileRef = 3F0CEB022622366500642F6D /* URLSessionMock.swift */; };
		3F0D20C926261C7800E132BB /* RecipleaseNavigationController.swift in Sources */ = {isa = PBXBuildFile; fileRef = 3F0D20C826261C7800E132BB /* RecipleaseNavigationController.swift */; };
		3F0D20D326289FDE00E132BB /* AlertManagerController.swift in Sources */ = {isa = PBXBuildFile; fileRef = 3F0D20D226289FDE00E132BB /* AlertManagerController.swift */; };
		3F0D20E1262F6D7400E132BB /* FridgeServiceTests.swift in Sources */ = {isa = PBXBuildFile; fileRef = 3F0D20E0262F6D7400E132BB /* FridgeServiceTests.swift */; };
		3F12A3B82638A23D00334D6D /* DateComponentsFormatterMock.swift in Sources */ = {isa = PBXBuildFile; fileRef = 3F12A3B72638A23D00334D6D /* DateComponentsFormatterMock.swift */; };
		3F12A3BD2638AAA900334D6D /* UrlComponentsProtocol.swift in Sources */ = {isa = PBXBuildFile; fileRef = 3F12A3BC2638AAA900334D6D /* UrlComponentsProtocol.swift */; };
		3F12A3C2263FBDC400334D6D /* NetworkManagerTests.swift in Sources */ = {isa = PBXBuildFile; fileRef = 3F12A3C1263FBDC400334D6D /* NetworkManagerTests.swift */; };
		3F12A3C7263FC02C00334D6D /* CodableMock.swift in Sources */ = {isa = PBXBuildFile; fileRef = 3F12A3C6263FC02C00334D6D /* CodableMock.swift */; };
		3F323C0025CFC0B000F27AAD /* RecipesViewController.swift in Sources */ = {isa = PBXBuildFile; fileRef = 3F323BFF25CFC0B000F27AAD /* RecipesViewController.swift */; };
		3F323C0525D08F3900F27AAD /* RecipeTableViewCell.swift in Sources */ = {isa = PBXBuildFile; fileRef = 3F323C0425D08F3900F27AAD /* RecipeTableViewCell.swift */; };
		3F332D4725C4D7D500FA47CF /* FridgeService.swift in Sources */ = {isa = PBXBuildFile; fileRef = 3F332D4625C4D7D500FA47CF /* FridgeService.swift */; };
		3F332D4C25C5087F00FA47CF /* NetworkManager.swift in Sources */ = {isa = PBXBuildFile; fileRef = 3F332D4B25C5087F00FA47CF /* NetworkManager.swift */; };
		3F332D5125C508A500FA47CF /* NetworkManagerError.swift in Sources */ = {isa = PBXBuildFile; fileRef = 3F332D5025C508A500FA47CF /* NetworkManagerError.swift */; };
		3F332D5725C50C3B00FA47CF /* FridgeResponse.swift in Sources */ = {isa = PBXBuildFile; fileRef = 3F332D5625C50C3B00FA47CF /* FridgeResponse.swift */; };
		3F4811A026416E68006AC29C /* AlamofireSession.swift in Sources */ = {isa = PBXBuildFile; fileRef = 3F48119F26416E68006AC29C /* AlamofireSession.swift */; };
		3F4811A226416E9D006AC29C /* AlamofireSessionMock.swift in Sources */ = {isa = PBXBuildFile; fileRef = 3F4811A126416E9D006AC29C /* AlamofireSessionMock.swift */; };
		3F9A28E925EC800F0079D5F7 /* RecipesDetailsViewController.swift in Sources */ = {isa = PBXBuildFile; fileRef = 3F9A28E825EC800F0079D5F7 /* RecipesDetailsViewController.swift */; };
		3F9A299925FFCE470079D5F7 /* RecipeDataContainer.swift in Sources */ = {isa = PBXBuildFile; fileRef = 3F9A299825FFCE470079D5F7 /* RecipeDataContainer.swift */; };
		3FC0008A26135CE200B92859 /* RecipeCoreDataManager.swift in Sources */ = {isa = PBXBuildFile; fileRef = 3FC0008926135CE200B92859 /* RecipeCoreDataManager.swift */; };
		3FC0008F26135D6100B92859 /* RecipeEntity.swift in Sources */ = {isa = PBXBuildFile; fileRef = 3FC0008E26135D6100B92859 /* RecipeEntity.swift */; };
		3FC84EBD25BE4F34007A0889 /* AppDelegate.swift in Sources */ = {isa = PBXBuildFile; fileRef = 3FC84EBC25BE4F34007A0889 /* AppDelegate.swift */; };
		3FC84EBF25BE4F34007A0889 /* SceneDelegate.swift in Sources */ = {isa = PBXBuildFile; fileRef = 3FC84EBE25BE4F34007A0889 /* SceneDelegate.swift */; };
		3FC84EC125BE4F34007A0889 /* FridgeViewController.swift in Sources */ = {isa = PBXBuildFile; fileRef = 3FC84EC025BE4F34007A0889 /* FridgeViewController.swift */; };
		3FC84EC725BE4F34007A0889 /* Reciplease.xcdatamodeld in Sources */ = {isa = PBXBuildFile; fileRef = 3FC84EC525BE4F34007A0889 /* Reciplease.xcdatamodeld */; };
		3FC84EC925BE4F36007A0889 /* Assets.xcassets in Resources */ = {isa = PBXBuildFile; fileRef = 3FC84EC825BE4F36007A0889 /* Assets.xcassets */; };
		3FC84ECC25BE4F36007A0889 /* LaunchScreen.storyboard in Resources */ = {isa = PBXBuildFile; fileRef = 3FC84ECA25BE4F36007A0889 /* LaunchScreen.storyboard */; };
		3FC84ED725BE4F36007A0889 /* TimeConverterTests.swift in Sources */ = {isa = PBXBuildFile; fileRef = 3FC84ED625BE4F36007A0889 /* TimeConverterTests.swift */; };
		3FC84EE225BE4F36007A0889 /* RecipleaseUITests.swift in Sources */ = {isa = PBXBuildFile; fileRef = 3FC84EE125BE4F36007A0889 /* RecipleaseUITests.swift */; };
		3FC9A94D25FFDA4E003B3F82 /* Main.storyboard in Resources */ = {isa = PBXBuildFile; fileRef = 3FC9A94B25FFDA4E003B3F82 /* Main.storyboard */; };
		3FC9A95B260A2BF9003B3F82 /* TimeConverter.swift in Sources */ = {isa = PBXBuildFile; fileRef = 3FC9A95A260A2BF9003B3F82 /* TimeConverter.swift */; };
		52256CA5282FDEEE3BF14D27 /* Pods_RecipleaseTests.framework in Frameworks */ = {isa = PBXBuildFile; fileRef = 6F9830D02FF137033E166FDB /* Pods_RecipleaseTests.framework */; };
		85E26E93352DA7B7916E6F01 /* Pods_Reciplease.framework in Frameworks */ = {isa = PBXBuildFile; fileRef = 5F7A262ECF83B48490614284 /* Pods_Reciplease.framework */; };
		88FBED5784CB90F397EAE2F4 /* Pods_Reciplease_RecipleaseUITests.framework in Frameworks */ = {isa = PBXBuildFile; fileRef = A9EC357ACEC13B05CD762AB0 /* Pods_Reciplease_RecipleaseUITests.framework */; };
/* End PBXBuildFile section */

/* Begin PBXContainerItemProxy section */
		3FC84ED325BE4F36007A0889 /* PBXContainerItemProxy */ = {
			isa = PBXContainerItemProxy;
			containerPortal = 3FC84EB125BE4F34007A0889 /* Project object */;
			proxyType = 1;
			remoteGlobalIDString = 3FC84EB825BE4F34007A0889;
			remoteInfo = Reciplease;
		};
		3FC84EDE25BE4F36007A0889 /* PBXContainerItemProxy */ = {
			isa = PBXContainerItemProxy;
			containerPortal = 3FC84EB125BE4F34007A0889 /* Project object */;
			proxyType = 1;
			remoteGlobalIDString = 3FC84EB825BE4F34007A0889;
			remoteInfo = Reciplease;
		};
/* End PBXContainerItemProxy section */

/* Begin PBXFileReference section */
		01837D1DCF116FAE29D23F6F /* Pods-Reciplease.debug.xcconfig */ = {isa = PBXFileReference; includeInIndex = 1; lastKnownFileType = text.xcconfig; name = "Pods-Reciplease.debug.xcconfig"; path = "Target Support Files/Pods-Reciplease/Pods-Reciplease.debug.xcconfig"; sourceTree = "<group>"; };
		12606F63F7F39B9CAFCE2944 /* Pods-Reciplease-RecipleaseUITests.release.xcconfig */ = {isa = PBXFileReference; includeInIndex = 1; lastKnownFileType = text.xcconfig; name = "Pods-Reciplease-RecipleaseUITests.release.xcconfig"; path = "Target Support Files/Pods-Reciplease-RecipleaseUITests/Pods-Reciplease-RecipleaseUITests.release.xcconfig"; sourceTree = "<group>"; };
		17835674A131BE2C9809E04C /* Pods-RecipleaseTests.debug.xcconfig */ = {isa = PBXFileReference; includeInIndex = 1; lastKnownFileType = text.xcconfig; name = "Pods-RecipleaseTests.debug.xcconfig"; path = "Target Support Files/Pods-RecipleaseTests/Pods-RecipleaseTests.debug.xcconfig"; sourceTree = "<group>"; };
		3F0CEAE6261CEE1000642F6D /* TabBarViewController.swift */ = {isa = PBXFileReference; lastKnownFileType = sourcecode.swift; path = TabBarViewController.swift; sourceTree = "<group>"; };
		3F0CEAF22622341D00642F6D /* NetworkManagerMock.swift */ = {isa = PBXFileReference; lastKnownFileType = sourcecode.swift; path = NetworkManagerMock.swift; sourceTree = "<group>"; };
		3F0CEAFD262235F700642F6D /* UrlComponentsMock.swift */ = {isa = PBXFileReference; lastKnownFileType = sourcecode.swift; path = UrlComponentsMock.swift; sourceTree = "<group>"; };
		3F0CEB022622366500642F6D /* URLSessionMock.swift */ = {isa = PBXFileReference; lastKnownFileType = sourcecode.swift; path = URLSessionMock.swift; sourceTree = "<group>"; };
		3F0D20C826261C7800E132BB /* RecipleaseNavigationController.swift */ = {isa = PBXFileReference; lastKnownFileType = sourcecode.swift; path = RecipleaseNavigationController.swift; sourceTree = "<group>"; };
		3F0D20D226289FDE00E132BB /* AlertManagerController.swift */ = {isa = PBXFileReference; lastKnownFileType = sourcecode.swift; path = AlertManagerController.swift; sourceTree = "<group>"; };
		3F0D20E0262F6D7400E132BB /* FridgeServiceTests.swift */ = {isa = PBXFileReference; lastKnownFileType = sourcecode.swift; path = FridgeServiceTests.swift; sourceTree = "<group>"; };
		3F12A3B72638A23D00334D6D /* DateComponentsFormatterMock.swift */ = {isa = PBXFileReference; lastKnownFileType = sourcecode.swift; path = DateComponentsFormatterMock.swift; sourceTree = "<group>"; };
		3F12A3BC2638AAA900334D6D /* UrlComponentsProtocol.swift */ = {isa = PBXFileReference; lastKnownFileType = sourcecode.swift; path = UrlComponentsProtocol.swift; sourceTree = "<group>"; };
		3F12A3C1263FBDC400334D6D /* NetworkManagerTests.swift */ = {isa = PBXFileReference; lastKnownFileType = sourcecode.swift; path = NetworkManagerTests.swift; sourceTree = "<group>"; };
		3F12A3C6263FC02C00334D6D /* CodableMock.swift */ = {isa = PBXFileReference; lastKnownFileType = sourcecode.swift; path = CodableMock.swift; sourceTree = "<group>"; };
		3F323BFF25CFC0B000F27AAD /* RecipesViewController.swift */ = {isa = PBXFileReference; lastKnownFileType = sourcecode.swift; path = RecipesViewController.swift; sourceTree = "<group>"; };
		3F323C0425D08F3900F27AAD /* RecipeTableViewCell.swift */ = {isa = PBXFileReference; lastKnownFileType = sourcecode.swift; path = RecipeTableViewCell.swift; sourceTree = "<group>"; };
		3F332D4625C4D7D500FA47CF /* FridgeService.swift */ = {isa = PBXFileReference; lastKnownFileType = sourcecode.swift; path = FridgeService.swift; sourceTree = "<group>"; };
		3F332D4B25C5087F00FA47CF /* NetworkManager.swift */ = {isa = PBXFileReference; lastKnownFileType = sourcecode.swift; path = NetworkManager.swift; sourceTree = "<group>"; };
		3F332D5025C508A500FA47CF /* NetworkManagerError.swift */ = {isa = PBXFileReference; lastKnownFileType = sourcecode.swift; path = NetworkManagerError.swift; sourceTree = "<group>"; };
		3F332D5625C50C3B00FA47CF /* FridgeResponse.swift */ = {isa = PBXFileReference; lastKnownFileType = sourcecode.swift; path = FridgeResponse.swift; sourceTree = "<group>"; };
		3F48119F26416E68006AC29C /* AlamofireSession.swift */ = {isa = PBXFileReference; lastKnownFileType = sourcecode.swift; path = AlamofireSession.swift; sourceTree = "<group>"; };
		3F4811A126416E9D006AC29C /* AlamofireSessionMock.swift */ = {isa = PBXFileReference; lastKnownFileType = sourcecode.swift; path = AlamofireSessionMock.swift; sourceTree = "<group>"; };
		3F9A28E825EC800F0079D5F7 /* RecipesDetailsViewController.swift */ = {isa = PBXFileReference; lastKnownFileType = sourcecode.swift; path = RecipesDetailsViewController.swift; sourceTree = "<group>"; };
		3F9A299825FFCE470079D5F7 /* RecipeDataContainer.swift */ = {isa = PBXFileReference; lastKnownFileType = sourcecode.swift; path = RecipeDataContainer.swift; sourceTree = "<group>"; };
		3FC0008926135CE200B92859 /* RecipeCoreDataManager.swift */ = {isa = PBXFileReference; lastKnownFileType = sourcecode.swift; path = RecipeCoreDataManager.swift; sourceTree = "<group>"; };
		3FC0008E26135D6100B92859 /* RecipeEntity.swift */ = {isa = PBXFileReference; lastKnownFileType = sourcecode.swift; path = RecipeEntity.swift; sourceTree = "<group>"; };
		3FC84EB925BE4F34007A0889 /* Reciplease.app */ = {isa = PBXFileReference; explicitFileType = wrapper.application; includeInIndex = 0; path = Reciplease.app; sourceTree = BUILT_PRODUCTS_DIR; };
		3FC84EBC25BE4F34007A0889 /* AppDelegate.swift */ = {isa = PBXFileReference; lastKnownFileType = sourcecode.swift; path = AppDelegate.swift; sourceTree = "<group>"; };
		3FC84EBE25BE4F34007A0889 /* SceneDelegate.swift */ = {isa = PBXFileReference; lastKnownFileType = sourcecode.swift; path = SceneDelegate.swift; sourceTree = "<group>"; };
		3FC84EC025BE4F34007A0889 /* FridgeViewController.swift */ = {isa = PBXFileReference; lastKnownFileType = sourcecode.swift; path = FridgeViewController.swift; sourceTree = "<group>"; };
		3FC84EC625BE4F34007A0889 /* Reciplease.xcdatamodel */ = {isa = PBXFileReference; lastKnownFileType = wrapper.xcdatamodel; path = Reciplease.xcdatamodel; sourceTree = "<group>"; };
		3FC84EC825BE4F36007A0889 /* Assets.xcassets */ = {isa = PBXFileReference; lastKnownFileType = folder.assetcatalog; path = Assets.xcassets; sourceTree = "<group>"; };
		3FC84ECB25BE4F36007A0889 /* Base */ = {isa = PBXFileReference; lastKnownFileType = file.storyboard; name = Base; path = Base.lproj/LaunchScreen.storyboard; sourceTree = "<group>"; };
		3FC84ECD25BE4F36007A0889 /* Info.plist */ = {isa = PBXFileReference; lastKnownFileType = text.plist.xml; path = Info.plist; sourceTree = "<group>"; };
		3FC84ED225BE4F36007A0889 /* RecipleaseTests.xctest */ = {isa = PBXFileReference; explicitFileType = wrapper.cfbundle; includeInIndex = 0; path = RecipleaseTests.xctest; sourceTree = BUILT_PRODUCTS_DIR; };
		3FC84ED625BE4F36007A0889 /* TimeConverterTests.swift */ = {isa = PBXFileReference; lastKnownFileType = sourcecode.swift; path = TimeConverterTests.swift; sourceTree = "<group>"; };
		3FC84ED825BE4F36007A0889 /* Info.plist */ = {isa = PBXFileReference; lastKnownFileType = text.plist.xml; path = Info.plist; sourceTree = "<group>"; };
		3FC84EDD25BE4F36007A0889 /* RecipleaseUITests.xctest */ = {isa = PBXFileReference; explicitFileType = wrapper.cfbundle; includeInIndex = 0; path = RecipleaseUITests.xctest; sourceTree = BUILT_PRODUCTS_DIR; };
		3FC84EE125BE4F36007A0889 /* RecipleaseUITests.swift */ = {isa = PBXFileReference; lastKnownFileType = sourcecode.swift; path = RecipleaseUITests.swift; sourceTree = "<group>"; };
		3FC84EE325BE4F36007A0889 /* Info.plist */ = {isa = PBXFileReference; lastKnownFileType = text.plist.xml; path = Info.plist; sourceTree = "<group>"; };
		3FC9A94C25FFDA4E003B3F82 /* Base */ = {isa = PBXFileReference; lastKnownFileType = file.storyboard; name = Base; path = Base.lproj/Main.storyboard; sourceTree = "<group>"; };
		3FC9A95A260A2BF9003B3F82 /* TimeConverter.swift */ = {isa = PBXFileReference; lastKnownFileType = sourcecode.swift; path = TimeConverter.swift; sourceTree = "<group>"; };
		5F7A262ECF83B48490614284 /* Pods_Reciplease.framework */ = {isa = PBXFileReference; explicitFileType = wrapper.framework; includeInIndex = 0; path = Pods_Reciplease.framework; sourceTree = BUILT_PRODUCTS_DIR; };
		6F9830D02FF137033E166FDB /* Pods_RecipleaseTests.framework */ = {isa = PBXFileReference; explicitFileType = wrapper.framework; includeInIndex = 0; path = Pods_RecipleaseTests.framework; sourceTree = BUILT_PRODUCTS_DIR; };
		7754EDFDCDABE57B30AF99D1 /* Pods-RecipleaseTests.release.xcconfig */ = {isa = PBXFileReference; includeInIndex = 1; lastKnownFileType = text.xcconfig; name = "Pods-RecipleaseTests.release.xcconfig"; path = "Target Support Files/Pods-RecipleaseTests/Pods-RecipleaseTests.release.xcconfig"; sourceTree = "<group>"; };
		8BC0671BF42E69FC4EF58A55 /* Pods-Reciplease.release.xcconfig */ = {isa = PBXFileReference; includeInIndex = 1; lastKnownFileType = text.xcconfig; name = "Pods-Reciplease.release.xcconfig"; path = "Target Support Files/Pods-Reciplease/Pods-Reciplease.release.xcconfig"; sourceTree = "<group>"; };
		A9EC357ACEC13B05CD762AB0 /* Pods_Reciplease_RecipleaseUITests.framework */ = {isa = PBXFileReference; explicitFileType = wrapper.framework; includeInIndex = 0; path = Pods_Reciplease_RecipleaseUITests.framework; sourceTree = BUILT_PRODUCTS_DIR; };
		B26D9A904C4C19824A8A55AB /* Pods-Reciplease-RecipleaseUITests.debug.xcconfig */ = {isa = PBXFileReference; includeInIndex = 1; lastKnownFileType = text.xcconfig; name = "Pods-Reciplease-RecipleaseUITests.debug.xcconfig"; path = "Target Support Files/Pods-Reciplease-RecipleaseUITests/Pods-Reciplease-RecipleaseUITests.debug.xcconfig"; sourceTree = "<group>"; };
/* End PBXFileReference section */

/* Begin PBXFrameworksBuildPhase section */
		3FC84EB625BE4F34007A0889 /* Frameworks */ = {
			isa = PBXFrameworksBuildPhase;
			buildActionMask = 2147483647;
			files = (
				85E26E93352DA7B7916E6F01 /* Pods_Reciplease.framework in Frameworks */,
			);
			runOnlyForDeploymentPostprocessing = 0;
		};
		3FC84ECF25BE4F36007A0889 /* Frameworks */ = {
			isa = PBXFrameworksBuildPhase;
			buildActionMask = 2147483647;
			files = (
				52256CA5282FDEEE3BF14D27 /* Pods_RecipleaseTests.framework in Frameworks */,
			);
			runOnlyForDeploymentPostprocessing = 0;
		};
		3FC84EDA25BE4F36007A0889 /* Frameworks */ = {
			isa = PBXFrameworksBuildPhase;
			buildActionMask = 2147483647;
			files = (
				88FBED5784CB90F397EAE2F4 /* Pods_Reciplease_RecipleaseUITests.framework in Frameworks */,
			);
			runOnlyForDeploymentPostprocessing = 0;
		};
/* End PBXFrameworksBuildPhase section */

/* Begin PBXGroup section */
		2ABE5A39BB1CB1034B776381 /* Pods */ = {
			isa = PBXGroup;
			children = (
				01837D1DCF116FAE29D23F6F /* Pods-Reciplease.debug.xcconfig */,
				8BC0671BF42E69FC4EF58A55 /* Pods-Reciplease.release.xcconfig */,
				B26D9A904C4C19824A8A55AB /* Pods-Reciplease-RecipleaseUITests.debug.xcconfig */,
				12606F63F7F39B9CAFCE2944 /* Pods-Reciplease-RecipleaseUITests.release.xcconfig */,
				17835674A131BE2C9809E04C /* Pods-RecipleaseTests.debug.xcconfig */,
				7754EDFDCDABE57B30AF99D1 /* Pods-RecipleaseTests.release.xcconfig */,
			);
			path = Pods;
			sourceTree = "<group>";
		};
		3F0CEAF1262233F400642F6D /* Mock */ = {
			isa = PBXGroup;
			children = (
				3F0CEAF22622341D00642F6D /* NetworkManagerMock.swift */,
				3F0CEAFD262235F700642F6D /* UrlComponentsMock.swift */,
				3F0CEB022622366500642F6D /* URLSessionMock.swift */,
				3F12A3C6263FC02C00334D6D /* CodableMock.swift */,
				3F12A3B72638A23D00334D6D /* DateComponentsFormatterMock.swift */,
				3F4811A126416E9D006AC29C /* AlamofireSessionMock.swift */,
			);
			path = Mock;
			sourceTree = "<group>";
		};
		3F332D3825C3242000FA47CF /* Model */ = {
			isa = PBXGroup;
			children = (
				3FC84EC525BE4F34007A0889 /* Reciplease.xcdatamodeld */,
				3F332D4625C4D7D500FA47CF /* FridgeService.swift */,
				3F332D5625C50C3B00FA47CF /* FridgeResponse.swift */,
				3F332D5525C50C0F00FA47CF /* Network */,
				3F9A299825FFCE470079D5F7 /* RecipeDataContainer.swift */,
				3FC9A95A260A2BF9003B3F82 /* TimeConverter.swift */,
				3FC0008926135CE200B92859 /* RecipeCoreDataManager.swift */,
				3FC0008E26135D6100B92859 /* RecipeEntity.swift */,
				3F12A3BC2638AAA900334D6D /* UrlComponentsProtocol.swift */,
			);
			path = Model;
			sourceTree = "<group>";
		};
		3F332D3A25C3244D00FA47CF /* View */ = {
			isa = PBXGroup;
			children = (
				3FC9A94B25FFDA4E003B3F82 /* Main.storyboard */,
				3FC84ECA25BE4F36007A0889 /* LaunchScreen.storyboard */,
				3F323C0425D08F3900F27AAD /* RecipeTableViewCell.swift */,
			);
			path = View;
			sourceTree = "<group>";
		};
		3F332D3B25C3247200FA47CF /* Controller */ = {
			isa = PBXGroup;
			children = (
				3FC84EC025BE4F34007A0889 /* FridgeViewController.swift */,
				3F0D20D226289FDE00E132BB /* AlertManagerController.swift */,
				3F323BFF25CFC0B000F27AAD /* RecipesViewController.swift */,
				3F9A28E825EC800F0079D5F7 /* RecipesDetailsViewController.swift */,
				3F0CEAE6261CEE1000642F6D /* TabBarViewController.swift */,
				3F0D20C826261C7800E132BB /* RecipleaseNavigationController.swift */,
			);
			path = Controller;
			sourceTree = "<group>";
		};
		3F332D3F25C324A800FA47CF /* Others */ = {
			isa = PBXGroup;
			children = (
				3FC84EC825BE4F36007A0889 /* Assets.xcassets */,
				3FC84EBC25BE4F34007A0889 /* AppDelegate.swift */,
				3FC84EBE25BE4F34007A0889 /* SceneDelegate.swift */,
			);
			path = Others;
			sourceTree = "<group>";
		};
		3F332D5525C50C0F00FA47CF /* Network */ = {
			isa = PBXGroup;
			children = (
				3F332D4B25C5087F00FA47CF /* NetworkManager.swift */,
				3F332D5025C508A500FA47CF /* NetworkManagerError.swift */,
				3F48119F26416E68006AC29C /* AlamofireSession.swift */,
			);
			path = Network;
			sourceTree = "<group>";
		};
		3FC84EB025BE4F34007A0889 = {
			isa = PBXGroup;
			children = (
				3FC84EBB25BE4F34007A0889 /* Reciplease */,
				3FC84ED525BE4F36007A0889 /* RecipleaseTests */,
				3FC84EE025BE4F36007A0889 /* RecipleaseUITests */,
				3FC84EBA25BE4F34007A0889 /* Products */,
				2ABE5A39BB1CB1034B776381 /* Pods */,
				CEF65AC853C79E78E8851392 /* Frameworks */,
			);
			sourceTree = "<group>";
		};
		3FC84EBA25BE4F34007A0889 /* Products */ = {
			isa = PBXGroup;
			children = (
				3FC84EB925BE4F34007A0889 /* Reciplease.app */,
				3FC84ED225BE4F36007A0889 /* RecipleaseTests.xctest */,
				3FC84EDD25BE4F36007A0889 /* RecipleaseUITests.xctest */,
			);
			name = Products;
			sourceTree = "<group>";
		};
		3FC84EBB25BE4F34007A0889 /* Reciplease */ = {
			isa = PBXGroup;
			children = (
				3F332D3B25C3247200FA47CF /* Controller */,
				3F332D3A25C3244D00FA47CF /* View */,
				3F332D3825C3242000FA47CF /* Model */,
				3FC84ECD25BE4F36007A0889 /* Info.plist */,
				3F332D3F25C324A800FA47CF /* Others */,
			);
			path = Reciplease;
			sourceTree = "<group>";
		};
		3FC84ED525BE4F36007A0889 /* RecipleaseTests */ = {
			isa = PBXGroup;
			children = (
				3F0CEAF1262233F400642F6D /* Mock */,
				3FC84ED625BE4F36007A0889 /* TimeConverterTests.swift */,
				3F12A3C1263FBDC400334D6D /* NetworkManagerTests.swift */,
				3F0D20E0262F6D7400E132BB /* FridgeServiceTests.swift */,
				3FC84ED825BE4F36007A0889 /* Info.plist */,
			);
			path = RecipleaseTests;
			sourceTree = "<group>";
		};
		3FC84EE025BE4F36007A0889 /* RecipleaseUITests */ = {
			isa = PBXGroup;
			children = (
				3FC84EE125BE4F36007A0889 /* RecipleaseUITests.swift */,
				3FC84EE325BE4F36007A0889 /* Info.plist */,
			);
			path = RecipleaseUITests;
			sourceTree = "<group>";
		};
		CEF65AC853C79E78E8851392 /* Frameworks */ = {
			isa = PBXGroup;
			children = (
				5F7A262ECF83B48490614284 /* Pods_Reciplease.framework */,
				A9EC357ACEC13B05CD762AB0 /* Pods_Reciplease_RecipleaseUITests.framework */,
				6F9830D02FF137033E166FDB /* Pods_RecipleaseTests.framework */,
			);
			name = Frameworks;
			sourceTree = "<group>";
		};
/* End PBXGroup section */

/* Begin PBXNativeTarget section */
		3FC84EB825BE4F34007A0889 /* Reciplease */ = {
			isa = PBXNativeTarget;
			buildConfigurationList = 3FC84EE625BE4F36007A0889 /* Build configuration list for PBXNativeTarget "Reciplease" */;
			buildPhases = (
				5A0E2E49F8DABC42C05EB639 /* [CP] Check Pods Manifest.lock */,
				3FC84EB525BE4F34007A0889 /* Sources */,
				3FC84EB625BE4F34007A0889 /* Frameworks */,
				3FC84EB725BE4F34007A0889 /* Resources */,
				F6ED27C0A2553437313926F5 /* [CP] Embed Pods Frameworks */,
			);
			buildRules = (
			);
			dependencies = (
			);
			name = Reciplease;
			productName = Reciplease;
			productReference = 3FC84EB925BE4F34007A0889 /* Reciplease.app */;
			productType = "com.apple.product-type.application";
		};
		3FC84ED125BE4F36007A0889 /* RecipleaseTests */ = {
			isa = PBXNativeTarget;
			buildConfigurationList = 3FC84EE925BE4F36007A0889 /* Build configuration list for PBXNativeTarget "RecipleaseTests" */;
			buildPhases = (
				B0F7D4C2E6944F24931C080A /* [CP] Check Pods Manifest.lock */,
				3FC84ECE25BE4F36007A0889 /* Sources */,
				3FC84ECF25BE4F36007A0889 /* Frameworks */,
				3FC84ED025BE4F36007A0889 /* Resources */,
			);
			buildRules = (
			);
			dependencies = (
				3FC84ED425BE4F36007A0889 /* PBXTargetDependency */,
			);
			name = RecipleaseTests;
			productName = RecipleaseTests;
			productReference = 3FC84ED225BE4F36007A0889 /* RecipleaseTests.xctest */;
			productType = "com.apple.product-type.bundle.unit-test";
		};
		3FC84EDC25BE4F36007A0889 /* RecipleaseUITests */ = {
			isa = PBXNativeTarget;
			buildConfigurationList = 3FC84EEC25BE4F36007A0889 /* Build configuration list for PBXNativeTarget "RecipleaseUITests" */;
			buildPhases = (
				F10BAE81653A04293633B372 /* [CP] Check Pods Manifest.lock */,
				3FC84ED925BE4F36007A0889 /* Sources */,
				3FC84EDA25BE4F36007A0889 /* Frameworks */,
				3FC84EDB25BE4F36007A0889 /* Resources */,
				2AF423FC1DADC27601754A75 /* [CP] Embed Pods Frameworks */,
			);
			buildRules = (
			);
			dependencies = (
				3FC84EDF25BE4F36007A0889 /* PBXTargetDependency */,
			);
			name = RecipleaseUITests;
			productName = RecipleaseUITests;
			productReference = 3FC84EDD25BE4F36007A0889 /* RecipleaseUITests.xctest */;
			productType = "com.apple.product-type.bundle.ui-testing";
		};
/* End PBXNativeTarget section */

/* Begin PBXProject section */
		3FC84EB125BE4F34007A0889 /* Project object */ = {
			isa = PBXProject;
			attributes = {
				LastSwiftUpdateCheck = 1230;
				LastUpgradeCheck = 1230;
				TargetAttributes = {
					3FC84EB825BE4F34007A0889 = {
						CreatedOnToolsVersion = 12.3;
					};
					3FC84ED125BE4F36007A0889 = {
						CreatedOnToolsVersion = 12.3;
						TestTargetID = 3FC84EB825BE4F34007A0889;
					};
					3FC84EDC25BE4F36007A0889 = {
						CreatedOnToolsVersion = 12.3;
						TestTargetID = 3FC84EB825BE4F34007A0889;
					};
				};
			};
			buildConfigurationList = 3FC84EB425BE4F34007A0889 /* Build configuration list for PBXProject "Reciplease" */;
			compatibilityVersion = "Xcode 9.3";
			developmentRegion = en;
			hasScannedForEncodings = 0;
			knownRegions = (
				en,
				Base,
			);
			mainGroup = 3FC84EB025BE4F34007A0889;
			productRefGroup = 3FC84EBA25BE4F34007A0889 /* Products */;
			projectDirPath = "";
			projectRoot = "";
			targets = (
				3FC84EB825BE4F34007A0889 /* Reciplease */,
				3FC84ED125BE4F36007A0889 /* RecipleaseTests */,
				3FC84EDC25BE4F36007A0889 /* RecipleaseUITests */,
			);
		};
/* End PBXProject section */

/* Begin PBXResourcesBuildPhase section */
		3FC84EB725BE4F34007A0889 /* Resources */ = {
			isa = PBXResourcesBuildPhase;
			buildActionMask = 2147483647;
			files = (
				3FC9A94D25FFDA4E003B3F82 /* Main.storyboard in Resources */,
				3FC84ECC25BE4F36007A0889 /* LaunchScreen.storyboard in Resources */,
				3FC84EC925BE4F36007A0889 /* Assets.xcassets in Resources */,
			);
			runOnlyForDeploymentPostprocessing = 0;
		};
		3FC84ED025BE4F36007A0889 /* Resources */ = {
			isa = PBXResourcesBuildPhase;
			buildActionMask = 2147483647;
			files = (
			);
			runOnlyForDeploymentPostprocessing = 0;
		};
		3FC84EDB25BE4F36007A0889 /* Resources */ = {
			isa = PBXResourcesBuildPhase;
			buildActionMask = 2147483647;
			files = (
			);
			runOnlyForDeploymentPostprocessing = 0;
		};
/* End PBXResourcesBuildPhase section */

/* Begin PBXShellScriptBuildPhase section */
		2AF423FC1DADC27601754A75 /* [CP] Embed Pods Frameworks */ = {
			isa = PBXShellScriptBuildPhase;
			buildActionMask = 2147483647;
			files = (
			);
			inputFileListPaths = (
				"${PODS_ROOT}/Target Support Files/Pods-Reciplease-RecipleaseUITests/Pods-Reciplease-RecipleaseUITests-frameworks-${CONFIGURATION}-input-files.xcfilelist",
			);
			name = "[CP] Embed Pods Frameworks";
			outputFileListPaths = (
				"${PODS_ROOT}/Target Support Files/Pods-Reciplease-RecipleaseUITests/Pods-Reciplease-RecipleaseUITests-frameworks-${CONFIGURATION}-output-files.xcfilelist",
			);
			runOnlyForDeploymentPostprocessing = 0;
			shellPath = /bin/sh;
			shellScript = "\"${PODS_ROOT}/Target Support Files/Pods-Reciplease-RecipleaseUITests/Pods-Reciplease-RecipleaseUITests-frameworks.sh\"\n";
			showEnvVarsInLog = 0;
		};
		5A0E2E49F8DABC42C05EB639 /* [CP] Check Pods Manifest.lock */ = {
			isa = PBXShellScriptBuildPhase;
			buildActionMask = 2147483647;
			files = (
			);
			inputFileListPaths = (
			);
			inputPaths = (
				"${PODS_PODFILE_DIR_PATH}/Podfile.lock",
				"${PODS_ROOT}/Manifest.lock",
			);
			name = "[CP] Check Pods Manifest.lock";
			outputFileListPaths = (
			);
			outputPaths = (
				"$(DERIVED_FILE_DIR)/Pods-Reciplease-checkManifestLockResult.txt",
			);
			runOnlyForDeploymentPostprocessing = 0;
			shellPath = /bin/sh;
			shellScript = "diff \"${PODS_PODFILE_DIR_PATH}/Podfile.lock\" \"${PODS_ROOT}/Manifest.lock\" > /dev/null\nif [ $? != 0 ] ; then\n    # print error to STDERR\n    echo \"error: The sandbox is not in sync with the Podfile.lock. Run 'pod install' or update your CocoaPods installation.\" >&2\n    exit 1\nfi\n# This output is used by Xcode 'outputs' to avoid re-running this script phase.\necho \"SUCCESS\" > \"${SCRIPT_OUTPUT_FILE_0}\"\n";
			showEnvVarsInLog = 0;
		};
		B0F7D4C2E6944F24931C080A /* [CP] Check Pods Manifest.lock */ = {
			isa = PBXShellScriptBuildPhase;
			buildActionMask = 2147483647;
			files = (
			);
			inputFileListPaths = (
			);
			inputPaths = (
				"${PODS_PODFILE_DIR_PATH}/Podfile.lock",
				"${PODS_ROOT}/Manifest.lock",
			);
			name = "[CP] Check Pods Manifest.lock";
			outputFileListPaths = (
			);
			outputPaths = (
				"$(DERIVED_FILE_DIR)/Pods-RecipleaseTests-checkManifestLockResult.txt",
			);
			runOnlyForDeploymentPostprocessing = 0;
			shellPath = /bin/sh;
			shellScript = "diff \"${PODS_PODFILE_DIR_PATH}/Podfile.lock\" \"${PODS_ROOT}/Manifest.lock\" > /dev/null\nif [ $? != 0 ] ; then\n    # print error to STDERR\n    echo \"error: The sandbox is not in sync with the Podfile.lock. Run 'pod install' or update your CocoaPods installation.\" >&2\n    exit 1\nfi\n# This output is used by Xcode 'outputs' to avoid re-running this script phase.\necho \"SUCCESS\" > \"${SCRIPT_OUTPUT_FILE_0}\"\n";
			showEnvVarsInLog = 0;
		};
		F10BAE81653A04293633B372 /* [CP] Check Pods Manifest.lock */ = {
			isa = PBXShellScriptBuildPhase;
			buildActionMask = 2147483647;
			files = (
			);
			inputFileListPaths = (
			);
			inputPaths = (
				"${PODS_PODFILE_DIR_PATH}/Podfile.lock",
				"${PODS_ROOT}/Manifest.lock",
			);
			name = "[CP] Check Pods Manifest.lock";
			outputFileListPaths = (
			);
			outputPaths = (
				"$(DERIVED_FILE_DIR)/Pods-Reciplease-RecipleaseUITests-checkManifestLockResult.txt",
			);
			runOnlyForDeploymentPostprocessing = 0;
			shellPath = /bin/sh;
			shellScript = "diff \"${PODS_PODFILE_DIR_PATH}/Podfile.lock\" \"${PODS_ROOT}/Manifest.lock\" > /dev/null\nif [ $? != 0 ] ; then\n    # print error to STDERR\n    echo \"error: The sandbox is not in sync with the Podfile.lock. Run 'pod install' or update your CocoaPods installation.\" >&2\n    exit 1\nfi\n# This output is used by Xcode 'outputs' to avoid re-running this script phase.\necho \"SUCCESS\" > \"${SCRIPT_OUTPUT_FILE_0}\"\n";
			showEnvVarsInLog = 0;
		};
		F6ED27C0A2553437313926F5 /* [CP] Embed Pods Frameworks */ = {
			isa = PBXShellScriptBuildPhase;
			buildActionMask = 2147483647;
			files = (
			);
			inputFileListPaths = (
				"${PODS_ROOT}/Target Support Files/Pods-Reciplease/Pods-Reciplease-frameworks-${CONFIGURATION}-input-files.xcfilelist",
			);
			name = "[CP] Embed Pods Frameworks";
			outputFileListPaths = (
				"${PODS_ROOT}/Target Support Files/Pods-Reciplease/Pods-Reciplease-frameworks-${CONFIGURATION}-output-files.xcfilelist",
			);
			runOnlyForDeploymentPostprocessing = 0;
			shellPath = /bin/sh;
			shellScript = "\"${PODS_ROOT}/Target Support Files/Pods-Reciplease/Pods-Reciplease-frameworks.sh\"\n";
			showEnvVarsInLog = 0;
		};
/* End PBXShellScriptBuildPhase section */

/* Begin PBXSourcesBuildPhase section */
		3FC84EB525BE4F34007A0889 /* Sources */ = {
			isa = PBXSourcesBuildPhase;
			buildActionMask = 2147483647;
			files = (
				3F9A28E925EC800F0079D5F7 /* RecipesDetailsViewController.swift in Sources */,
				3F332D4C25C5087F00FA47CF /* NetworkManager.swift in Sources */,
				3FC0008A26135CE200B92859 /* RecipeCoreDataManager.swift in Sources */,
				3F323C0525D08F3900F27AAD /* RecipeTableViewCell.swift in Sources */,
				3F323C0025CFC0B000F27AAD /* RecipesViewController.swift in Sources */,
				3FC9A95B260A2BF9003B3F82 /* TimeConverter.swift in Sources */,
				3F0D20C926261C7800E132BB /* RecipleaseNavigationController.swift in Sources */,
				3F332D4725C4D7D500FA47CF /* FridgeService.swift in Sources */,
				3F12A3BD2638AAA900334D6D /* UrlComponentsProtocol.swift in Sources */,
				3F9A299925FFCE470079D5F7 /* RecipeDataContainer.swift in Sources */,
				3FC84EC725BE4F34007A0889 /* Reciplease.xcdatamodeld in Sources */,
				3FC84EC125BE4F34007A0889 /* FridgeViewController.swift in Sources */,
				3FC84EBD25BE4F34007A0889 /* AppDelegate.swift in Sources */,
				3F4811A026416E68006AC29C /* AlamofireSession.swift in Sources */,
				3F0D20D326289FDE00E132BB /* AlertManagerController.swift in Sources */,
				3F332D5125C508A500FA47CF /* NetworkManagerError.swift in Sources */,
				3FC84EBF25BE4F34007A0889 /* SceneDelegate.swift in Sources */,
				3FC0008F26135D6100B92859 /* RecipeEntity.swift in Sources */,
				3F0CEAE7261CEE1000642F6D /* TabBarViewController.swift in Sources */,
				3F332D5725C50C3B00FA47CF /* FridgeResponse.swift in Sources */,
			);
			runOnlyForDeploymentPostprocessing = 0;
		};
		3FC84ECE25BE4F36007A0889 /* Sources */ = {
			isa = PBXSourcesBuildPhase;
			buildActionMask = 2147483647;
			files = (
				3F12A3C7263FC02C00334D6D /* CodableMock.swift in Sources */,
				3F0CEB032622366500642F6D /* URLSessionMock.swift in Sources */,
				3F4811A226416E9D006AC29C /* AlamofireSessionMock.swift in Sources */,
				3F0CEAFE262235F700642F6D /* UrlComponentsMock.swift in Sources */,
				3F12A3B82638A23D00334D6D /* DateComponentsFormatterMock.swift in Sources */,
				3F0D20E1262F6D7400E132BB /* FridgeServiceTests.swift in Sources */,
				3F12A3C2263FBDC400334D6D /* NetworkManagerTests.swift in Sources */,
				3FC84ED725BE4F36007A0889 /* TimeConverterTests.swift in Sources */,
				3F0CEAF32622341D00642F6D /* NetworkManagerMock.swift in Sources */,
			);
			runOnlyForDeploymentPostprocessing = 0;
		};
		3FC84ED925BE4F36007A0889 /* Sources */ = {
			isa = PBXSourcesBuildPhase;
			buildActionMask = 2147483647;
			files = (
				3FC84EE225BE4F36007A0889 /* RecipleaseUITests.swift in Sources */,
			);
			runOnlyForDeploymentPostprocessing = 0;
		};
/* End PBXSourcesBuildPhase section */

/* Begin PBXTargetDependency section */
		3FC84ED425BE4F36007A0889 /* PBXTargetDependency */ = {
			isa = PBXTargetDependency;
			target = 3FC84EB825BE4F34007A0889 /* Reciplease */;
			targetProxy = 3FC84ED325BE4F36007A0889 /* PBXContainerItemProxy */;
		};
		3FC84EDF25BE4F36007A0889 /* PBXTargetDependency */ = {
			isa = PBXTargetDependency;
			target = 3FC84EB825BE4F34007A0889 /* Reciplease */;
			targetProxy = 3FC84EDE25BE4F36007A0889 /* PBXContainerItemProxy */;
		};
/* End PBXTargetDependency section */

/* Begin PBXVariantGroup section */
		3FC84ECA25BE4F36007A0889 /* LaunchScreen.storyboard */ = {
			isa = PBXVariantGroup;
			children = (
				3FC84ECB25BE4F36007A0889 /* Base */,
			);
			name = LaunchScreen.storyboard;
			sourceTree = "<group>";
		};
		3FC9A94B25FFDA4E003B3F82 /* Main.storyboard */ = {
			isa = PBXVariantGroup;
			children = (
				3FC9A94C25FFDA4E003B3F82 /* Base */,
			);
			name = Main.storyboard;
			sourceTree = "<group>";
		};
/* End PBXVariantGroup section */

/* Begin XCBuildConfiguration section */
		3FC84EE425BE4F36007A0889 /* Debug */ = {
			isa = XCBuildConfiguration;
			buildSettings = {
				ALWAYS_SEARCH_USER_PATHS = NO;
				CLANG_ANALYZER_NONNULL = YES;
				CLANG_ANALYZER_NUMBER_OBJECT_CONVERSION = YES_AGGRESSIVE;
				CLANG_CXX_LANGUAGE_STANDARD = "gnu++14";
				CLANG_CXX_LIBRARY = "libc++";
				CLANG_ENABLE_MODULES = YES;
				CLANG_ENABLE_OBJC_ARC = YES;
				CLANG_ENABLE_OBJC_WEAK = YES;
				CLANG_WARN_BLOCK_CAPTURE_AUTORELEASING = YES;
				CLANG_WARN_BOOL_CONVERSION = YES;
				CLANG_WARN_COMMA = YES;
				CLANG_WARN_CONSTANT_CONVERSION = YES;
				CLANG_WARN_DEPRECATED_OBJC_IMPLEMENTATIONS = YES;
				CLANG_WARN_DIRECT_OBJC_ISA_USAGE = YES_ERROR;
				CLANG_WARN_DOCUMENTATION_COMMENTS = YES;
				CLANG_WARN_EMPTY_BODY = YES;
				CLANG_WARN_ENUM_CONVERSION = YES;
				CLANG_WARN_INFINITE_RECURSION = YES;
				CLANG_WARN_INT_CONVERSION = YES;
				CLANG_WARN_NON_LITERAL_NULL_CONVERSION = YES;
				CLANG_WARN_OBJC_IMPLICIT_RETAIN_SELF = YES;
				CLANG_WARN_OBJC_LITERAL_CONVERSION = YES;
				CLANG_WARN_OBJC_ROOT_CLASS = YES_ERROR;
				CLANG_WARN_QUOTED_INCLUDE_IN_FRAMEWORK_HEADER = YES;
				CLANG_WARN_RANGE_LOOP_ANALYSIS = YES;
				CLANG_WARN_STRICT_PROTOTYPES = YES;
				CLANG_WARN_SUSPICIOUS_MOVE = YES;
				CLANG_WARN_UNGUARDED_AVAILABILITY = YES_AGGRESSIVE;
				CLANG_WARN_UNREACHABLE_CODE = YES;
				CLANG_WARN__DUPLICATE_METHOD_MATCH = YES;
				COPY_PHASE_STRIP = NO;
				DEBUG_INFORMATION_FORMAT = dwarf;
				ENABLE_STRICT_OBJC_MSGSEND = YES;
				ENABLE_TESTABILITY = YES;
				GCC_C_LANGUAGE_STANDARD = gnu11;
				GCC_DYNAMIC_NO_PIC = NO;
				GCC_NO_COMMON_BLOCKS = YES;
				GCC_OPTIMIZATION_LEVEL = 0;
				GCC_PREPROCESSOR_DEFINITIONS = (
					"DEBUG=1",
					"$(inherited)",
				);
				GCC_WARN_64_TO_32_BIT_CONVERSION = YES;
				GCC_WARN_ABOUT_RETURN_TYPE = YES_ERROR;
				GCC_WARN_UNDECLARED_SELECTOR = YES;
				GCC_WARN_UNINITIALIZED_AUTOS = YES_AGGRESSIVE;
				GCC_WARN_UNUSED_FUNCTION = YES;
				GCC_WARN_UNUSED_VARIABLE = YES;
				IPHONEOS_DEPLOYMENT_TARGET = 14.3;
				MTL_ENABLE_DEBUG_INFO = INCLUDE_SOURCE;
				MTL_FAST_MATH = YES;
				ONLY_ACTIVE_ARCH = YES;
				SDKROOT = iphoneos;
				SWIFT_ACTIVE_COMPILATION_CONDITIONS = DEBUG;
				SWIFT_OPTIMIZATION_LEVEL = "-Onone";
			};
			name = Debug;
		};
		3FC84EE525BE4F36007A0889 /* Release */ = {
			isa = XCBuildConfiguration;
			buildSettings = {
				ALWAYS_SEARCH_USER_PATHS = NO;
				CLANG_ANALYZER_NONNULL = YES;
				CLANG_ANALYZER_NUMBER_OBJECT_CONVERSION = YES_AGGRESSIVE;
				CLANG_CXX_LANGUAGE_STANDARD = "gnu++14";
				CLANG_CXX_LIBRARY = "libc++";
				CLANG_ENABLE_MODULES = YES;
				CLANG_ENABLE_OBJC_ARC = YES;
				CLANG_ENABLE_OBJC_WEAK = YES;
				CLANG_WARN_BLOCK_CAPTURE_AUTORELEASING = YES;
				CLANG_WARN_BOOL_CONVERSION = YES;
				CLANG_WARN_COMMA = YES;
				CLANG_WARN_CONSTANT_CONVERSION = YES;
				CLANG_WARN_DEPRECATED_OBJC_IMPLEMENTATIONS = YES;
				CLANG_WARN_DIRECT_OBJC_ISA_USAGE = YES_ERROR;
				CLANG_WARN_DOCUMENTATION_COMMENTS = YES;
				CLANG_WARN_EMPTY_BODY = YES;
				CLANG_WARN_ENUM_CONVERSION = YES;
				CLANG_WARN_INFINITE_RECURSION = YES;
				CLANG_WARN_INT_CONVERSION = YES;
				CLANG_WARN_NON_LITERAL_NULL_CONVERSION = YES;
				CLANG_WARN_OBJC_IMPLICIT_RETAIN_SELF = YES;
				CLANG_WARN_OBJC_LITERAL_CONVERSION = YES;
				CLANG_WARN_OBJC_ROOT_CLASS = YES_ERROR;
				CLANG_WARN_QUOTED_INCLUDE_IN_FRAMEWORK_HEADER = YES;
				CLANG_WARN_RANGE_LOOP_ANALYSIS = YES;
				CLANG_WARN_STRICT_PROTOTYPES = YES;
				CLANG_WARN_SUSPICIOUS_MOVE = YES;
				CLANG_WARN_UNGUARDED_AVAILABILITY = YES_AGGRESSIVE;
				CLANG_WARN_UNREACHABLE_CODE = YES;
				CLANG_WARN__DUPLICATE_METHOD_MATCH = YES;
				COPY_PHASE_STRIP = NO;
				DEBUG_INFORMATION_FORMAT = "dwarf-with-dsym";
				ENABLE_NS_ASSERTIONS = NO;
				ENABLE_STRICT_OBJC_MSGSEND = YES;
				GCC_C_LANGUAGE_STANDARD = gnu11;
				GCC_NO_COMMON_BLOCKS = YES;
				GCC_WARN_64_TO_32_BIT_CONVERSION = YES;
				GCC_WARN_ABOUT_RETURN_TYPE = YES_ERROR;
				GCC_WARN_UNDECLARED_SELECTOR = YES;
				GCC_WARN_UNINITIALIZED_AUTOS = YES_AGGRESSIVE;
				GCC_WARN_UNUSED_FUNCTION = YES;
				GCC_WARN_UNUSED_VARIABLE = YES;
				IPHONEOS_DEPLOYMENT_TARGET = 14.3;
				MTL_ENABLE_DEBUG_INFO = NO;
				MTL_FAST_MATH = YES;
				SDKROOT = iphoneos;
				SWIFT_COMPILATION_MODE = wholemodule;
				SWIFT_OPTIMIZATION_LEVEL = "-O";
				VALIDATE_PRODUCT = YES;
			};
			name = Release;
		};
		3FC84EE725BE4F36007A0889 /* Debug */ = {
			isa = XCBuildConfiguration;
			baseConfigurationReference = 01837D1DCF116FAE29D23F6F /* Pods-Reciplease.debug.xcconfig */;
			buildSettings = {
				ASSETCATALOG_COMPILER_APPICON_NAME = AppIcon;
				ASSETCATALOG_COMPILER_GLOBAL_ACCENT_COLOR_NAME = AccentColor;
				CODE_SIGN_STYLE = Automatic;
				DEVELOPMENT_TEAM = BAJKB9L735;
				INFOPLIST_FILE = Reciplease/Info.plist;
				LD_RUNPATH_SEARCH_PATHS = (
					"$(inherited)",
					"@executable_path/Frameworks",
				);
				PRODUCT_BUNDLE_IDENTIFIER = com.saddam.Reciplease;
				PRODUCT_NAME = "$(TARGET_NAME)";
				SWIFT_VERSION = 5.0;
				TARGETED_DEVICE_FAMILY = "1,2";
			};
			name = Debug;
		};
		3FC84EE825BE4F36007A0889 /* Release */ = {
			isa = XCBuildConfiguration;
			baseConfigurationReference = 8BC0671BF42E69FC4EF58A55 /* Pods-Reciplease.release.xcconfig */;
			buildSettings = {
				ASSETCATALOG_COMPILER_APPICON_NAME = AppIcon;
				ASSETCATALOG_COMPILER_GLOBAL_ACCENT_COLOR_NAME = AccentColor;
				CODE_SIGN_STYLE = Automatic;
				DEVELOPMENT_TEAM = BAJKB9L735;
				INFOPLIST_FILE = Reciplease/Info.plist;
				LD_RUNPATH_SEARCH_PATHS = (
					"$(inherited)",
					"@executable_path/Frameworks",
				);
				PRODUCT_BUNDLE_IDENTIFIER = com.saddam.Reciplease;
				PRODUCT_NAME = "$(TARGET_NAME)";
				SWIFT_VERSION = 5.0;
				TARGETED_DEVICE_FAMILY = "1,2";
			};
			name = Release;
		};
		3FC84EEA25BE4F36007A0889 /* Debug */ = {
			isa = XCBuildConfiguration;
			baseConfigurationReference = 17835674A131BE2C9809E04C /* Pods-RecipleaseTests.debug.xcconfig */;
			buildSettings = {
				ALWAYS_EMBED_SWIFT_STANDARD_LIBRARIES = YES;
				BUNDLE_LOADER = "$(TEST_HOST)";
				CODE_SIGN_STYLE = Automatic;
				DEVELOPMENT_TEAM = BAJKB9L735;
				INFOPLIST_FILE = RecipleaseTests/Info.plist;
				IPHONEOS_DEPLOYMENT_TARGET = 14.3;
				LD_RUNPATH_SEARCH_PATHS = (
					"$(inherited)",
					"@executable_path/Frameworks",
					"@loader_path/Frameworks",
				);
				PRODUCT_BUNDLE_IDENTIFIER = com.saddam.RecipleaseTests;
				PRODUCT_NAME = "$(TARGET_NAME)";
				SWIFT_VERSION = 5.0;
				TARGETED_DEVICE_FAMILY = "1,2";
				TEST_HOST = "$(BUILT_PRODUCTS_DIR)/Reciplease.app/Reciplease";
			};
			name = Debug;
		};
		3FC84EEB25BE4F36007A0889 /* Release */ = {
			isa = XCBuildConfiguration;
			baseConfigurationReference = 7754EDFDCDABE57B30AF99D1 /* Pods-RecipleaseTests.release.xcconfig */;
			buildSettings = {
				ALWAYS_EMBED_SWIFT_STANDARD_LIBRARIES = YES;
				BUNDLE_LOADER = "$(TEST_HOST)";
				CODE_SIGN_STYLE = Automatic;
				DEVELOPMENT_TEAM = BAJKB9L735;
				INFOPLIST_FILE = RecipleaseTests/Info.plist;
				IPHONEOS_DEPLOYMENT_TARGET = 14.3;
				LD_RUNPATH_SEARCH_PATHS = (
					"$(inherited)",
					"@executable_path/Frameworks",
					"@loader_path/Frameworks",
				);
				PRODUCT_BUNDLE_IDENTIFIER = com.saddam.RecipleaseTests;
				PRODUCT_NAME = "$(TARGET_NAME)";
				SWIFT_VERSION = 5.0;
				TARGETED_DEVICE_FAMILY = "1,2";
				TEST_HOST = "$(BUILT_PRODUCTS_DIR)/Reciplease.app/Reciplease";
			};
			name = Release;
		};
		3FC84EED25BE4F36007A0889 /* Debug */ = {
			isa = XCBuildConfiguration;
			baseConfigurationReference = B26D9A904C4C19824A8A55AB /* Pods-Reciplease-RecipleaseUITests.debug.xcconfig */;
			buildSettings = {
				ALWAYS_EMBED_SWIFT_STANDARD_LIBRARIES = YES;
				CODE_SIGN_STYLE = Automatic;
				DEVELOPMENT_TEAM = BAJKB9L735;
				INFOPLIST_FILE = RecipleaseUITests/Info.plist;
				LD_RUNPATH_SEARCH_PATHS = (
					"$(inherited)",
					"@executable_path/Frameworks",
					"@loader_path/Frameworks",
				);
				PRODUCT_BUNDLE_IDENTIFIER = com.saddam.RecipleaseUITests;
				PRODUCT_NAME = "$(TARGET_NAME)";
				SWIFT_VERSION = 5.0;
				TARGETED_DEVICE_FAMILY = "1,2";
				TEST_TARGET_NAME = Reciplease;
			};
			name = Debug;
		};
		3FC84EEE25BE4F36007A0889 /* Release */ = {
			isa = XCBuildConfiguration;
			baseConfigurationReference = 12606F63F7F39B9CAFCE2944 /* Pods-Reciplease-RecipleaseUITests.release.xcconfig */;
			buildSettings = {
				ALWAYS_EMBED_SWIFT_STANDARD_LIBRARIES = YES;
				CODE_SIGN_STYLE = Automatic;
				DEVELOPMENT_TEAM = BAJKB9L735;
				INFOPLIST_FILE = RecipleaseUITests/Info.plist;
				LD_RUNPATH_SEARCH_PATHS = (
					"$(inherited)",
					"@executable_path/Frameworks",
					"@loader_path/Frameworks",
				);
				PRODUCT_BUNDLE_IDENTIFIER = com.saddam.RecipleaseUITests;
				PRODUCT_NAME = "$(TARGET_NAME)";
				SWIFT_VERSION = 5.0;
				TARGETED_DEVICE_FAMILY = "1,2";
				TEST_TARGET_NAME = Reciplease;
			};
			name = Release;
		};
/* End XCBuildConfiguration section */

/* Begin XCConfigurationList section */
		3FC84EB425BE4F34007A0889 /* Build configuration list for PBXProject "Reciplease" */ = {
			isa = XCConfigurationList;
			buildConfigurations = (
				3FC84EE425BE4F36007A0889 /* Debug */,
				3FC84EE525BE4F36007A0889 /* Release */,
			);
			defaultConfigurationIsVisible = 0;
			defaultConfigurationName = Release;
		};
		3FC84EE625BE4F36007A0889 /* Build configuration list for PBXNativeTarget "Reciplease" */ = {
			isa = XCConfigurationList;
			buildConfigurations = (
				3FC84EE725BE4F36007A0889 /* Debug */,
				3FC84EE825BE4F36007A0889 /* Release */,
			);
			defaultConfigurationIsVisible = 0;
			defaultConfigurationName = Release;
		};
		3FC84EE925BE4F36007A0889 /* Build configuration list for PBXNativeTarget "RecipleaseTests" */ = {
			isa = XCConfigurationList;
			buildConfigurations = (
				3FC84EEA25BE4F36007A0889 /* Debug */,
				3FC84EEB25BE4F36007A0889 /* Release */,
			);
			defaultConfigurationIsVisible = 0;
			defaultConfigurationName = Release;
		};
		3FC84EEC25BE4F36007A0889 /* Build configuration list for PBXNativeTarget "RecipleaseUITests" */ = {
			isa = XCConfigurationList;
			buildConfigurations = (
				3FC84EED25BE4F36007A0889 /* Debug */,
				3FC84EEE25BE4F36007A0889 /* Release */,
			);
			defaultConfigurationIsVisible = 0;
			defaultConfigurationName = Release;
		};
/* End XCConfigurationList section */

/* Begin XCVersionGroup section */
		3FC84EC525BE4F34007A0889 /* Reciplease.xcdatamodeld */ = {
			isa = XCVersionGroup;
			children = (
				3FC84EC625BE4F34007A0889 /* Reciplease.xcdatamodel */,
			);
			currentVersion = 3FC84EC625BE4F34007A0889 /* Reciplease.xcdatamodel */;
			path = Reciplease.xcdatamodeld;
			sourceTree = "<group>";
			versionGroupType = wrapper.xcdatamodel;
		};
/* End XCVersionGroup section */
	};
	rootObject = 3FC84EB125BE4F34007A0889 /* Project object */;
}
